{
  "lockfileVersion": 1,
  "workspaces": {
    "": {
      "name": "tempora",
      "dependencies": {
        "materialize-css": "1.0.0",
        "preact": "^10.26.9",
        "preact-iso": "^2.9.2",
        "smoothie": "^1.36.1",
      },
      "devDependencies": {
        "@types/bun": "latest",
        "@types/materialize-css": "^1.0.14",
      },
      "peerDependencies": {
        "typescript": "^5",
      },
    },
  },
  "packages": {
    "@types/bun": ["@types/bun@1.2.17", "", { "dependencies": { "bun-types": "1.2.17" } }, "sha512-l/BYs/JYt+cXA/0+wUhulYJB6a6p//GTPiJ7nV+QHa8iiId4HZmnu/3J/SowP5g0rTiERY2kfGKXEK5Ehltx4Q=="],

    "@types/jquery": ["@types/jquery@3.5.33", "", { "dependencies": { "@types/sizzle": "*" } }, "sha512-SeyVJXlCZpEki5F0ghuYe+L+PprQta6nRZqhONt9F13dWBtR/ftoaIbdRQ7cis7womE+X2LKhsDdDtkkDhJS6g=="],

    "@types/materialize-css": ["@types/materialize-css@1.0.14", "", { "dependencies": { "@types/jquery": "*", "cash-dom": "*" } }, "sha512-Jt8ReN/R7zrz1TBby0KvyJzAIB9353c1jaFjZt8fIaY/xsalED/8OsFuog1PJ79OuXleRWyJ+MZ8dmjbArXepg=="],

    "@types/node": ["@types/node@24.0.8", "", { "dependencies": { "undici-types": "~7.8.0" } }, "sha512-WytNrFSgWO/esSH9NbpWUfTMGQwCGIKfCmNlmFDNiI5gGhgMmEA+V1AEvKLeBNvvtBnailJtkrEa2OIISwrVAA=="],

    "@types/sizzle": ["@types/sizzle@2.3.10", "", {}, "sha512-TC0dmN0K8YcWEAEfiPi5gJP14eJe30TTGjkvek3iM/1NdHHsdCA/Td6GvNndMOo/iSnIsZ4HuuhrYPDAmbxzww=="],

    "bun-types": ["bun-types@1.2.17", "", { "dependencies": { "@types/node": "*" } }, "sha512-ElC7ItwT3SCQwYZDYoAH+q6KT4Fxjl8DtZ6qDulUFBmXA8YB4xo+l54J9ZJN+k2pphfn9vk7kfubeSd5QfTVJQ=="],

    "cash-dom": ["cash-dom@8.1.5", "", {}, "sha512-/BS05CfzyHR5xT2ksKj1sDLPaOv5rSmIwoGxNgdKwUtnIuiJ5neMxVEmZxvfyJiSjGbOMD0Lwe+9v+fszDqHew=="],

    "materialize-css": ["materialize-css@1.0.0", "", {}, "sha512-4/oecXl8y/1i8RDZvyvwAICyqwNoKU4or5uf8uoAd74k76KzZ0Llym4zhJ5lLNUskcqjO0AuMcvNyDkpz8Z6zw=="],

    "preact": ["preact@10.26.9", "", {}, "sha512-SSjF9vcnF27mJK1XyFMNJzFd5u3pQiATFqoaDy03XuN00u4ziveVVEGt5RKJrDR8MHE/wJo9Nnad56RLzS2RMA=="],

    "preact-iso": ["preact-iso@2.9.2", "", { "peerDependencies": { "preact": ">=10", "preact-render-to-string": ">=6.4.0" } }, "sha512-0AiOid/B/L+cGQerFam2dSV8dkwmRXxqFyDcpdDj2faDuv83YF/g9HYX7MGKWjqSOaQGcl0HLMSFkUIzCq+z+g=="],

    "preact-render-to-string": ["preact-render-to-string@6.5.13", "", { "peerDependencies": { "preact": ">=10" } }, "sha512-iGPd+hKPMFKsfpR2vL4kJ6ZPcFIoWZEcBf0Dpm3zOpdVvj77aY8RlLiQji5OMrngEyaxGogeakTb54uS2FvA6w=="],

    "smoothie": ["smoothie@1.36.1", "", {}, "sha512-499Vr2od6TicP8s7ykcyTfddh/6n11BB41G9RE7gqQRyfoPIAYotUTzwAxQpAfOdVOb+BvcG2qla+hjyqwe+PA=="],

    "typescript": ["typescript@5.8.3", "", { "bin": { "tsc": "bin/tsc", "tsserver": "bin/tsserver" } }, "sha512-p1diW6TqL9L07nNxvRMM7hMMw4c5XOo/1ibL4aAIGmSAt9slTE1Xgw5KWuof2uTOvCg9BY7ZRi+GaF+7sfgPeQ=="],

    "undici-types": ["undici-types@7.8.0", "", {}, "sha512-9UJ2xGDvQ43tYyVMpuHlsgApydB8ZKfVYTsLDhXkFL/6gfkp+U8xTGdh8pMJv1SpZna0zxG1DwsKZsreLbXBxw=="],
  }
}
